// !$*UTF8*$!
{
	archiveVersion = 1;
	classes = {
	};
	objectVersion = 50;
	objects = {

/* Begin PBXBuildFile section */
		806CEDE1212CF2C30051ED93 /* AppDelegate.m in Sources */ = {isa = PBXBuildFile; fileRef = 806CEDE0212CF2C30051ED93 /* AppDelegate.m */; };
		806CEDE4212CF2C30051ED93 /* ViewController.m in Sources */ = {isa = PBXBuildFile; fileRef = 806CEDE3212CF2C30051ED93 /* ViewController.m */; };
		806CEDE7212CF2C30051ED93 /* Main.storyboard in Resources */ = {isa = PBXBuildFile; fileRef = 806CEDE5212CF2C30051ED93 /* Main.storyboard */; };
		806CEDE9212CF2C50051ED93 /* Assets.xcassets in Resources */ = {isa = PBXBuildFile; fileRef = 806CEDE8212CF2C50051ED93 /* Assets.xcassets */; };
		806CEDEC212CF2C50051ED93 /* LaunchScreen.storyboard in Resources */ = {isa = PBXBuildFile; fileRef = 806CEDEA212CF2C50051ED93 /* LaunchScreen.storyboard */; };
		806CEDEF212CF2C50051ED93 /* main.m in Sources */ = {isa = PBXBuildFile; fileRef = 806CEDEE212CF2C50051ED93 /* main.m */; };
		806CEDF9212CF2C50051ED93 /* WQImageLoadTests.m in Sources */ = {isa = PBXBuildFile; fileRef = 806CEDF8212CF2C50051ED93 /* WQImageLoadTests.m */; };
		806CEE04212CF2C50051ED93 /* WQImageLoadUITests.m in Sources */ = {isa = PBXBuildFile; fileRef = 806CEE03212CF2C50051ED93 /* WQImageLoadUITests.m */; };
		806CEE13212CF73A0051ED93 /* WQImageLoadViewController.m in Sources */ = {isa = PBXBuildFile; fileRef = 806CEE12212CF73A0051ED93 /* WQImageLoadViewController.m */; };
		806CEE16212D18090051ED93 /* timg.png in Resources */ = {isa = PBXBuildFile; fileRef = 806CEE15212D18090051ED93 /* timg.png */; };
		806CEE19212D1BEF0051ED93 /* GoodsTableViewCell.m in Sources */ = {isa = PBXBuildFile; fileRef = 806CEE18212D1BEF0051ED93 /* GoodsTableViewCell.m */; };
		806CEE1C212E8CE40051ED93 /* WQAFNLoadImageViewController.m in Sources */ = {isa = PBXBuildFile; fileRef = 806CEE1B212E8CE40051ED93 /* WQAFNLoadImageViewController.m */; };
		806CEE1F212E92FB0051ED93 /* WQAFNManager.m in Sources */ = {isa = PBXBuildFile; fileRef = 806CEE1E212E92FB0051ED93 /* WQAFNManager.m */; };
		AFAB5AFF431FB1DE0B28636C /* libPods-WQImageLoad.a in Frameworks */ = {isa = PBXBuildFile; fileRef = 48453DE15D68DB3EA78ED076 /* libPods-WQImageLoad.a */; };
/* End PBXBuildFile section */

/* Begin PBXContainerItemProxy section */
		806CEDF5212CF2C50051ED93 /* PBXContainerItemProxy */ = {
			isa = PBXContainerItemProxy;
			containerPortal = 806CEDD4212CF2C30051ED93 /* Project object */;
			proxyType = 1;
			remoteGlobalIDString = 806CEDDB212CF2C30051ED93;
			remoteInfo = WQImageLoad;
		};
		806CEE00212CF2C50051ED93 /* PBXContainerItemProxy */ = {
			isa = PBXContainerItemProxy;
			containerPortal = 806CEDD4212CF2C30051ED93 /* Project object */;
			proxyType = 1;
			remoteGlobalIDString = 806CEDDB212CF2C30051ED93;
			remoteInfo = WQImageLoad;
		};
/* End PBXContainerItemProxy section */

/* Begin PBXFileReference section */
		48453DE15D68DB3EA78ED076 /* libPods-WQImageLoad.a */ = {isa = PBXFileReference; explicitFileType = archive.ar; includeInIndex = 0; path = "libPods-WQImageLoad.a"; sourceTree = BUILT_PRODUCTS_DIR; };
		806CEDDC212CF2C30051ED93 /* WQImageLoad.app */ = {isa = PBXFileReference; explicitFileType = wrapper.application; includeInIndex = 0; path = WQImageLoad.app; sourceTree = BUILT_PRODUCTS_DIR; };
		806CEDDF212CF2C30051ED93 /* AppDelegate.h */ = {isa = PBXFileReference; lastKnownFileType = sourcecode.c.h; path = AppDelegate.h; sourceTree = "<group>"; };
		806CEDE0212CF2C30051ED93 /* AppDelegate.m */ = {isa = PBXFileReference; lastKnownFileType = sourcecode.c.objc; path = AppDelegate.m; sourceTree = "<group>"; };
		806CEDE2212CF2C30051ED93 /* ViewController.h */ = {isa = PBXFileReference; lastKnownFileType = sourcecode.c.h; path = ViewController.h; sourceTree = "<group>"; };
		806CEDE3212CF2C30051ED93 /* ViewController.m */ = {isa = PBXFileReference; lastKnownFileType = sourcecode.c.objc; path = ViewController.m; sourceTree = "<group>"; };
		806CEDE6212CF2C30051ED93 /* Base */ = {isa = PBXFileReference; lastKnownFileType = file.storyboard; name = Base; path = Base.lproj/Main.storyboard; sourceTree = "<group>"; };
		806CEDE8212CF2C50051ED93 /* Assets.xcassets */ = {isa = PBXFileReference; lastKnownFileType = folder.assetcatalog; path = Assets.xcassets; sourceTree = "<group>"; };
		806CEDEB212CF2C50051ED93 /* Base */ = {isa = PBXFileReference; lastKnownFileType = file.storyboard; name = Base; path = Base.lproj/LaunchScreen.storyboard; sourceTree = "<group>"; };
		806CEDED212CF2C50051ED93 /* Info.plist */ = {isa = PBXFileReference; lastKnownFileType = text.plist.xml; path = Info.plist; sourceTree = "<group>"; };
		806CEDEE212CF2C50051ED93 /* main.m */ = {isa = PBXFileReference; lastKnownFileType = sourcecode.c.objc; path = main.m; sourceTree = "<group>"; };
		806CEDF4212CF2C50051ED93 /* WQImageLoadTests.xctest */ = {isa = PBXFileReference; explicitFileType = wrapper.cfbundle; includeInIndex = 0; path = WQImageLoadTests.xctest; sourceTree = BUILT_PRODUCTS_DIR; };
		806CEDF8212CF2C50051ED93 /* WQImageLoadTests.m */ = {isa = PBXFileReference; lastKnownFileType = sourcecode.c.objc; path = WQImageLoadTests.m; sourceTree = "<group>"; };
		806CEDFA212CF2C50051ED93 /* Info.plist */ = {isa = PBXFileReference; lastKnownFileType = text.plist.xml; path = Info.plist; sourceTree = "<group>"; };
		806CEDFF212CF2C50051ED93 /* WQImageLoadUITests.xctest */ = {isa = PBXFileReference; explicitFileType = wrapper.cfbundle; includeInIndex = 0; path = WQImageLoadUITests.xctest; sourceTree = BUILT_PRODUCTS_DIR; };
		806CEE03212CF2C50051ED93 /* WQImageLoadUITests.m */ = {isa = PBXFileReference; lastKnownFileType = sourcecode.c.objc; path = WQImageLoadUITests.m; sourceTree = "<group>"; };
		806CEE05212CF2C60051ED93 /* Info.plist */ = {isa = PBXFileReference; lastKnownFileType = text.plist.xml; path = Info.plist; sourceTree = "<group>"; };
		806CEE11212CF73A0051ED93 /* WQImageLoadViewController.h */ = {isa = PBXFileReference; lastKnownFileType = sourcecode.c.h; path = WQImageLoadViewController.h; sourceTree = "<group>"; };
		806CEE12212CF73A0051ED93 /* WQImageLoadViewController.m */ = {isa = PBXFileReference; lastKnownFileType = sourcecode.c.objc; path = WQImageLoadViewController.m; sourceTree = "<group>"; };
		806CEE14212CFE4D0051ED93 /* WQPrefixHeader.pch */ = {isa = PBXFileReference; lastKnownFileType = sourcecode.c.h; path = WQPrefixHeader.pch; sourceTree = "<group>"; };
		806CEE15212D18090051ED93 /* timg.png */ = {isa = PBXFileReference; lastKnownFileType = image.png; path = timg.png; sourceTree = "<group>"; };
		806CEE17212D1BEF0051ED93 /* GoodsTableViewCell.h */ = {isa = PBXFileReference; lastKnownFileType = sourcecode.c.h; path = GoodsTableViewCell.h; sourceTree = "<group>"; };
		806CEE18212D1BEF0051ED93 /* GoodsTableViewCell.m */ = {isa = PBXFileReference; lastKnownFileType = sourcecode.c.objc; path = GoodsTableViewCell.m; sourceTree = "<group>"; };
		806CEE1A212E8CE40051ED93 /* WQAFNLoadImageViewController.h */ = {isa = PBXFileReference; lastKnownFileType = sourcecode.c.h; path = WQAFNLoadImageViewController.h; sourceTree = "<group>"; };
		806CEE1B212E8CE40051ED93 /* WQAFNLoadImageViewController.m */ = {isa = PBXFileReference; lastKnownFileType = sourcecode.c.objc; path = WQAFNLoadImageViewController.m; sourceTree = "<group>"; };
		806CEE1D212E92FB0051ED93 /* WQAFNManager.h */ = {isa = PBXFileReference; lastKnownFileType = sourcecode.c.h; path = WQAFNManager.h; sourceTree = "<group>"; };
		806CEE1E212E92FB0051ED93 /* WQAFNManager.m */ = {isa = PBXFileReference; lastKnownFileType = sourcecode.c.objc; path = WQAFNManager.m; sourceTree = "<group>"; };
		E3ADBA38BE4C1617BD88EA92 /* Pods-WQImageLoad.release.xcconfig */ = {isa = PBXFileReference; includeInIndex = 1; lastKnownFileType = text.xcconfig; name = "Pods-WQImageLoad.release.xcconfig"; path = "Pods/Target Support Files/Pods-WQImageLoad/Pods-WQImageLoad.release.xcconfig"; sourceTree = "<group>"; };
		FE93E0F2420A946403EE2070 /* Pods-WQImageLoad.debug.xcconfig */ = {isa = PBXFileReference; includeInIndex = 1; lastKnownFileType = text.xcconfig; name = "Pods-WQImageLoad.debug.xcconfig"; path = "Pods/Target Support Files/Pods-WQImageLoad/Pods-WQImageLoad.debug.xcconfig"; sourceTree = "<group>"; };
/* End PBXFileReference section */

/* Begin PBXFrameworksBuildPhase section */
		806CEDD9212CF2C30051ED93 /* Frameworks */ = {
			isa = PBXFrameworksBuildPhase;
			buildActionMask = 2147483647;
			files = (
				AFAB5AFF431FB1DE0B28636C /* libPods-WQImageLoad.a in Frameworks */,
			);
			runOnlyForDeploymentPostprocessing = 0;
		};
		806CEDF1212CF2C50051ED93 /* Frameworks */ = {
			isa = PBXFrameworksBuildPhase;
			buildActionMask = 2147483647;
			files = (
			);
			runOnlyForDeploymentPostprocessing = 0;
		};
		806CEDFC212CF2C50051ED93 /* Frameworks */ = {
			isa = PBXFrameworksBuildPhase;
			buildActionMask = 2147483647;
			files = (
			);
			runOnlyForDeploymentPostprocessing = 0;
		};
/* End PBXFrameworksBuildPhase section */

/* Begin PBXGroup section */
		6E83E724B95F168E92C71C31 /* Pods */ = {
			isa = PBXGroup;
			children = (
				FE93E0F2420A946403EE2070 /* Pods-WQImageLoad.debug.xcconfig */,
				E3ADBA38BE4C1617BD88EA92 /* Pods-WQImageLoad.release.xcconfig */,
			);
			name = Pods;
			sourceTree = "<group>";
		};
		806CEDD3212CF2C30051ED93 = {
			isa = PBXGroup;
			children = (
				806CEDDE212CF2C30051ED93 /* WQImageLoad */,
				806CEDF7212CF2C50051ED93 /* WQImageLoadTests */,
				806CEE02212CF2C50051ED93 /* WQImageLoadUITests */,
				806CEDDD212CF2C30051ED93 /* Products */,
				6E83E724B95F168E92C71C31 /* Pods */,
				AE363EE3E690FDBC79169FDF /* Frameworks */,
			);
			sourceTree = "<group>";
		};
		806CEDDD212CF2C30051ED93 /* Products */ = {
			isa = PBXGroup;
			children = (
				806CEDDC212CF2C30051ED93 /* WQImageLoad.app */,
				806CEDF4212CF2C50051ED93 /* WQImageLoadTests.xctest */,
				806CEDFF212CF2C50051ED93 /* WQImageLoadUITests.xctest */,
			);
			name = Products;
			sourceTree = "<group>";
		};
		806CEDDE212CF2C30051ED93 /* WQImageLoad */ = {
			isa = PBXGroup;
			children = (
				806CEE15212D18090051ED93 /* timg.png */,
				806CEDDF212CF2C30051ED93 /* AppDelegate.h */,
				806CEDE0212CF2C30051ED93 /* AppDelegate.m */,
				806CEDE2212CF2C30051ED93 /* ViewController.h */,
				806CEDE3212CF2C30051ED93 /* ViewController.m */,
				806CEE11212CF73A0051ED93 /* WQImageLoadViewController.h */,
				806CEE12212CF73A0051ED93 /* WQImageLoadViewController.m */,
				806CEE1A212E8CE40051ED93 /* WQAFNLoadImageViewController.h */,
				806CEE1B212E8CE40051ED93 /* WQAFNLoadImageViewController.m */,
				806CEE17212D1BEF0051ED93 /* GoodsTableViewCell.h */,
				806CEE18212D1BEF0051ED93 /* GoodsTableViewCell.m */,
				806CEE1D212E92FB0051ED93 /* WQAFNManager.h */,
				806CEE1E212E92FB0051ED93 /* WQAFNManager.m */,
				806CEDE5212CF2C30051ED93 /* Main.storyboard */,
				806CEDE8212CF2C50051ED93 /* Assets.xcassets */,
				806CEDEA212CF2C50051ED93 /* LaunchScreen.storyboard */,
				806CEDED212CF2C50051ED93 /* Info.plist */,
				806CEDEE212CF2C50051ED93 /* main.m */,
				806CEE14212CFE4D0051ED93 /* WQPrefixHeader.pch */,
			);
			path = WQImageLoad;
			sourceTree = "<group>";
		};
		806CEDF7212CF2C50051ED93 /* WQImageLoadTests */ = {
			isa = PBXGroup;
			children = (
				806CEDF8212CF2C50051ED93 /* WQImageLoadTests.m */,
				806CEDFA212CF2C50051ED93 /* Info.plist */,
			);
			path = WQImageLoadTests;
			sourceTree = "<group>";
		};
		806CEE02212CF2C50051ED93 /* WQImageLoadUITests */ = {
			isa = PBXGroup;
			children = (
				806CEE03212CF2C50051ED93 /* WQImageLoadUITests.m */,
				806CEE05212CF2C60051ED93 /* Info.plist */,
			);
			path = WQImageLoadUITests;
			sourceTree = "<group>";
		};
		AE363EE3E690FDBC79169FDF /* Frameworks */ = {
			isa = PBXGroup;
			children = (
				48453DE15D68DB3EA78ED076 /* libPods-WQImageLoad.a */,
			);
			name = Frameworks;
			sourceTree = "<group>";
		};
/* End PBXGroup section */

/* Begin PBXNativeTarget section */
		806CEDDB212CF2C30051ED93 /* WQImageLoad */ = {
			isa = PBXNativeTarget;
			buildConfigurationList = 806CEE08212CF2C60051ED93 /* Build configuration list for PBXNativeTarget "WQImageLoad" */;
			buildPhases = (
				B9E3D97E9BA9A3EACA1E7453 /* [CP] Check Pods Manifest.lock */,
				806CEDD8212CF2C30051ED93 /* Sources */,
				806CEDD9212CF2C30051ED93 /* Frameworks */,
				806CEDDA212CF2C30051ED93 /* Resources */,
			);
			buildRules = (
			);
			dependencies = (
			);
			name = WQImageLoad;
			productName = WQImageLoad;
			productReference = 806CEDDC212CF2C30051ED93 /* WQImageLoad.app */;
			productType = "com.apple.product-type.application";
		};
		806CEDF3212CF2C50051ED93 /* WQImageLoadTests */ = {
			isa = PBXNativeTarget;
			buildConfigurationList = 806CEE0B212CF2C60051ED93 /* Build configuration list for PBXNativeTarget "WQImageLoadTests" */;
			buildPhases = (
				806CEDF0212CF2C50051ED93 /* Sources */,
				806CEDF1212CF2C50051ED93 /* Frameworks */,
				806CEDF2212CF2C50051ED93 /* Resources */,
			);
			buildRules = (
			);
			dependencies = (
				806CEDF6212CF2C50051ED93 /* PBXTargetDependency */,
			);
			name = WQImageLoadTests;
			productName = WQImageLoadTests;
			productReference = 806CEDF4212CF2C50051ED93 /* WQImageLoadTests.xctest */;
			productType = "com.apple.product-type.bundle.unit-test";
		};
		806CEDFE212CF2C50051ED93 /* WQImageLoadUITests */ = {
			isa = PBXNativeTarget;
			buildConfigurationList = 806CEE0E212CF2C60051ED93 /* Build configuration list for PBXNativeTarget "WQImageLoadUITests" */;
			buildPhases = (
				806CEDFB212CF2C50051ED93 /* Sources */,
				806CEDFC212CF2C50051ED93 /* Frameworks */,
				806CEDFD212CF2C50051ED93 /* Resources */,
			);
			buildRules = (
			);
			dependencies = (
				806CEE01212CF2C50051ED93 /* PBXTargetDependency */,
			);
			name = WQImageLoadUITests;
			productName = WQImageLoadUITests;
			productReference = 806CEDFF212CF2C50051ED93 /* WQImageLoadUITests.xctest */;
			productType = "com.apple.product-type.bundle.ui-testing";
		};
/* End PBXNativeTarget section */

/* Begin PBXProject section */
		806CEDD4212CF2C30051ED93 /* Project object */ = {
			isa = PBXProject;
			attributes = {
				LastUpgradeCheck = 0940;
				ORGANIZATIONNAME = chenweiqiang;
				TargetAttributes = {
					806CEDDB212CF2C30051ED93 = {
						CreatedOnToolsVersion = 9.4.1;
					};
					806CEDF3212CF2C50051ED93 = {
						CreatedOnToolsVersion = 9.4.1;
						TestTargetID = 806CEDDB212CF2C30051ED93;
					};
					806CEDFE212CF2C50051ED93 = {
						CreatedOnToolsVersion = 9.4.1;
						TestTargetID = 806CEDDB212CF2C30051ED93;
					};
				};
			};
			buildConfigurationList = 806CEDD7212CF2C30051ED93 /* Build configuration list for PBXProject "WQImageLoad" */;
			compatibilityVersion = "Xcode 9.3";
			developmentRegion = en;
			hasScannedForEncodings = 0;
			knownRegions = (
				en,
				Base,
			);
			mainGroup = 806CEDD3212CF2C30051ED93;
			productRefGroup = 806CEDDD212CF2C30051ED93 /* Products */;
			projectDirPath = "";
			projectRoot = "";
			targets = (
				806CEDDB212CF2C30051ED93 /* WQImageLoad */,
				806CEDF3212CF2C50051ED93 /* WQImageLoadTests */,
				806CEDFE212CF2C50051ED93 /* WQImageLoadUITests */,
			);
		};
/* End PBXProject section */

/* Begin PBXResourcesBuildPhase section */
		806CEDDA212CF2C30051ED93 /* Resources */ = {
			isa = PBXResourcesBuildPhase;
			buildActionMask = 2147483647;
			files = (
				806CEE16212D18090051ED93 /* timg.png in Resources */,
				806CEDEC212CF2C50051ED93 /* LaunchScreen.storyboard in Resources */,
				806CEDE9212CF2C50051ED93 /* Assets.xcassets in Resources */,
				806CEDE7212CF2C30051ED93 /* Main.storyboard in Resources */,
			);
			runOnlyForDeploymentPostprocessing = 0;
		};
		806CEDF2212CF2C50051ED93 /* Resources */ = {
			isa = PBXResourcesBuildPhase;
			buildActionMask = 2147483647;
			files = (
			);
			runOnlyForDeploymentPostprocessing = 0;
		};
		806CEDFD212CF2C50051ED93 /* Resources */ = {
			isa = PBXResourcesBuildPhase;
			buildActionMask = 2147483647;
			files = (
			);
			runOnlyForDeploymentPostprocessing = 0;
		};
/* End PBXResourcesBuildPhase section */

/* Begin PBXShellScriptBuildPhase section */
		B9E3D97E9BA9A3EACA1E7453 /* [CP] Check Pods Manifest.lock */ = {
			isa = PBXShellScriptBuildPhase;
			buildActionMask = 2147483647;
			files = (
			);
			inputPaths = (
				"${PODS_PODFILE_DIR_PATH}/Podfile.lock",
				"${PODS_ROOT}/Manifest.lock",
			);
			name = "[CP] Check Pods Manifest.lock";
			outputPaths = (
				"$(DERIVED_FILE_DIR)/Pods-WQImageLoad-checkManifestLockResult.txt",
			);
			runOnlyForDeploymentPostprocessing = 0;
			shellPath = /bin/sh;
			shellScript = "diff \"${PODS_PODFILE_DIR_PATH}/Podfile.lock\" \"${PODS_ROOT}/Manifest.lock\" > /dev/null\nif [ $? != 0 ] ; then\n    # print error to STDERR\n    echo \"error: The sandbox is not in sync with the Podfile.lock. Run 'pod install' or update your CocoaPods installation.\" >&2\n    exit 1\nfi\n# This output is used by Xcode 'outputs' to avoid re-running this script phase.\necho \"SUCCESS\" > \"${SCRIPT_OUTPUT_FILE_0}\"\n";
			showEnvVarsInLog = 0;
		};
/* End PBXShellScriptBuildPhase section */

/* Begin PBXSourcesBuildPhase section */
		806CEDD8212CF2C30051ED93 /* Sources */ = {
			isa = PBXSourcesBuildPhase;
			buildActionMask = 2147483647;
			files = (
				806CEE13212CF73A0051ED93 /* WQImageLoadViewController.m in Sources */,
				806CEE19212D1BEF0051ED93 /* GoodsTableViewCell.m in Sources */,
				806CEE1F212E92FB0051ED93 /* WQAFNManager.m in Sources */,
				806CEDE4212CF2C30051ED93 /* ViewController.m in Sources */,
				806CEDEF212CF2C50051ED93 /* main.m in Sources */,
				806CEE1C212E8CE40051ED93 /* WQAFNLoadImageViewController.m in Sources */,
				806CEDE1212CF2C30051ED93 /* AppDelegate.m in Sources */,
			);
			runOnlyForDeploymentPostprocessing = 0;
		};
		806CEDF0212CF2C50051ED93 /* Sources */ = {
			isa = PBXSourcesBuildPhase;
			buildActionMask = 2147483647;
			files = (
				806CEDF9212CF2C50051ED93 /* WQImageLoadTests.m in Sources */,
			);
			runOnlyForDeploymentPostprocessing = 0;
		};
		806CEDFB212CF2C50051ED93 /* Sources */ = {
			isa = PBXSourcesBuildPhase;
			buildActionMask = 2147483647;
			files = (
				806CEE04212CF2C50051ED93 /* WQImageLoadUITests.m in Sources */,
			);
			runOnlyForDeploymentPostprocessing = 0;
		};
/* End PBXSourcesBuildPhase section */

/* Begin PBXTargetDependency section */
		806CEDF6212CF2C50051ED93 /* PBXTargetDependency */ = {
			isa = PBXTargetDependency;
			target = 806CEDDB212CF2C30051ED93 /* WQImageLoad */;
			targetProxy = 806CEDF5212CF2C50051ED93 /* PBXContainerItemProxy */;
		};
		806CEE01212CF2C50051ED93 /* PBXTargetDependency */ = {
			isa = PBXTargetDependency;
			target = 806CEDDB212CF2C30051ED93 /* WQImageLoad */;
			targetProxy = 806CEE00212CF2C50051ED93 /* PBXContainerItemProxy */;
		};
/* End PBXTargetDependency section */

/* Begin PBXVariantGroup section */
		806CEDE5212CF2C30051ED93 /* Main.storyboard */ = {
			isa = PBXVariantGroup;
			children = (
				806CEDE6212CF2C30051ED93 /* Base */,
			);
			name = Main.storyboard;
			sourceTree = "<group>";
		};
		806CEDEA212CF2C50051ED93 /* LaunchScreen.storyboard */ = {
			isa = PBXVariantGroup;
			children = (
				806CEDEB212CF2C50051ED93 /* Base */,
			);
			name = LaunchScreen.storyboard;
			sourceTree = "<group>";
		};
/* End PBXVariantGroup section */

/* Begin XCBuildConfiguration section */
		806CEE06212CF2C60051ED93 /* Debug */ = {
			isa = XCBuildConfiguration;
			buildSettings = {
				ALWAYS_SEARCH_USER_PATHS = NO;
				CLANG_ANALYZER_NONNULL = YES;
				CLANG_ANALYZER_NUMBER_OBJECT_CONVERSION = YES_AGGRESSIVE;
				CLANG_CXX_LANGUAGE_STANDARD = "gnu++14";
				CLANG_CXX_LIBRARY = "libc++";
				CLANG_ENABLE_MODULES = YES;
				CLANG_ENABLE_OBJC_ARC = YES;
				CLANG_ENABLE_OBJC_WEAK = YES;
				CLANG_WARN_BLOCK_CAPTURE_AUTORELEASING = YES;
				CLANG_WARN_BOOL_CONVERSION = YES;
				CLANG_WARN_COMMA = YES;
				CLANG_WARN_CONSTANT_CONVERSION = YES;
				CLANG_WARN_DEPRECATED_OBJC_IMPLEMENTATIONS = YES;
				CLANG_WARN_DIRECT_OBJC_ISA_USAGE = YES_ERROR;
				CLANG_WARN_DOCUMENTATION_COMMENTS = YES;
				CLANG_WARN_EMPTY_BODY = YES;
				CLANG_WARN_ENUM_CONVERSION = YES;
				CLANG_WARN_INFINITE_RECURSION = YES;
				CLANG_WARN_INT_CONVERSION = YES;
				CLANG_WARN_NON_LITERAL_NULL_CONVERSION = YES;
				CLANG_WARN_OBJC_IMPLICIT_RETAIN_SELF = YES;
				CLANG_WARN_OBJC_LITERAL_CONVERSION = YES;
				CLANG_WARN_OBJC_ROOT_CLASS = YES_ERROR;
				CLANG_WARN_RANGE_LOOP_ANALYSIS = YES;
				CLANG_WARN_STRICT_PROTOTYPES = YES;
				CLANG_WARN_SUSPICIOUS_MOVE = YES;
				CLANG_WARN_UNGUARDED_AVAILABILITY = YES_AGGRESSIVE;
				CLANG_WARN_UNREACHABLE_CODE = YES;
				CLANG_WARN__DUPLICATE_METHOD_MATCH = YES;
				CODE_SIGN_IDENTITY = "iPhone Developer";
				COPY_PHASE_STRIP = NO;
				DEBUG_INFORMATION_FORMAT = dwarf;
				ENABLE_STRICT_OBJC_MSGSEND = YES;
				ENABLE_TESTABILITY = YES;
				GCC_C_LANGUAGE_STANDARD = gnu11;
				GCC_DYNAMIC_NO_PIC = NO;
				GCC_NO_COMMON_BLOCKS = YES;
				GCC_OPTIMIZATION_LEVEL = 0;
				GCC_PREPROCESSOR_DEFINITIONS = (
					"DEBUG=1",
					"$(inherited)",
				);
				GCC_WARN_64_TO_32_BIT_CONVERSION = YES;
				GCC_WARN_ABOUT_RETURN_TYPE = YES_ERROR;
				GCC_WARN_UNDECLARED_SELECTOR = YES;
				GCC_WARN_UNINITIALIZED_AUTOS = YES_AGGRESSIVE;
				GCC_WARN_UNUSED_FUNCTION = YES;
				GCC_WARN_UNUSED_VARIABLE = YES;
				IPHONEOS_DEPLOYMENT_TARGET = 11.4;
				MTL_ENABLE_DEBUG_INFO = YES;
				ONLY_ACTIVE_ARCH = YES;
				SDKROOT = iphoneos;
			};
			name = Debug;
		};
		806CEE07212CF2C60051ED93 /* Release */ = {
			isa = XCBuildConfiguration;
			buildSettings = {
				ALWAYS_SEARCH_USER_PATHS = NO;
				CLANG_ANALYZER_NONNULL = YES;
				CLANG_ANALYZER_NUMBER_OBJECT_CONVERSION = YES_AGGRESSIVE;
				CLANG_CXX_LANGUAGE_STANDARD = "gnu++14";
				CLANG_CXX_LIBRARY = "libc++";
				CLANG_ENABLE_MODULES = YES;
				CLANG_ENABLE_OBJC_ARC = YES;
				CLANG_ENABLE_OBJC_WEAK = YES;
				CLANG_WARN_BLOCK_CAPTURE_AUTORELEASING = YES;
				CLANG_WARN_BOOL_CONVERSION = YES;
				CLANG_WARN_COMMA = YES;
				CLANG_WARN_CONSTANT_CONVERSION = YES;
				CLANG_WARN_DEPRECATED_OBJC_IMPLEMENTATIONS = YES;
				CLANG_WARN_DIRECT_OBJC_ISA_USAGE = YES_ERROR;
				CLANG_WARN_DOCUMENTATION_COMMENTS = YES;
				CLANG_WARN_EMPTY_BODY = YES;
				CLANG_WARN_ENUM_CONVERSION = YES;
				CLANG_WARN_INFINITE_RECURSION = YES;
				CLANG_WARN_INT_CONVERSION = YES;
				CLANG_WARN_NON_LITERAL_NULL_CONVERSION = YES;
				CLANG_WARN_OBJC_IMPLICIT_RETAIN_SELF = YES;
				CLANG_WARN_OBJC_LITERAL_CONVERSION = YES;
				CLANG_WARN_OBJC_ROOT_CLASS = YES_ERROR;
				CLANG_WARN_RANGE_LOOP_ANALYSIS = YES;
				CLANG_WARN_STRICT_PROTOTYPES = YES;
				CLANG_WARN_SUSPICIOUS_MOVE = YES;
				CLANG_WARN_UNGUARDED_AVAILABILITY = YES_AGGRESSIVE;
				CLANG_WARN_UNREACHABLE_CODE = YES;
				CLANG_WARN__DUPLICATE_METHOD_MATCH = YES;
				CODE_SIGN_IDENTITY = "iPhone Developer";
				COPY_PHASE_STRIP = NO;
				DEBUG_INFORMATION_FORMAT = "dwarf-with-dsym";
				ENABLE_NS_ASSERTIONS = NO;
				ENABLE_STRICT_OBJC_MSGSEND = YES;
				GCC_C_LANGUAGE_STANDARD = gnu11;
				GCC_NO_COMMON_BLOCKS = YES;
				GCC_WARN_64_TO_32_BIT_CONVERSION = YES;
				GCC_WARN_ABOUT_RETURN_TYPE = YES_ERROR;
				GCC_WARN_UNDECLARED_SELECTOR = YES;
				GCC_WARN_UNINITIALIZED_AUTOS = YES_AGGRESSIVE;
				GCC_WARN_UNUSED_FUNCTION = YES;
				GCC_WARN_UNUSED_VARIABLE = YES;
				IPHONEOS_DEPLOYMENT_TARGET = 11.4;
				MTL_ENABLE_DEBUG_INFO = NO;
				SDKROOT = iphoneos;
				VALIDATE_PRODUCT = YES;
			};
			name = Release;
		};
		806CEE09212CF2C60051ED93 /* Debug */ = {
			isa = XCBuildConfiguration;
			baseConfigurationReference = FE93E0F2420A946403EE2070 /* Pods-WQImageLoad.debug.xcconfig */;
			buildSettings = {
				ASSETCATALOG_COMPILER_APPICON_NAME = AppIcon;
				CODE_SIGN_STYLE = Automatic;
				GCC_PREFIX_HEADER = "$(SRCROOT)/WQImageLoad/WQPrefixHeader.pch";
				INFOPLIST_FILE = WQImageLoad/Info.plist;
				LD_RUNPATH_SEARCH_PATHS = (
					"$(inherited)",
					"@executable_path/Frameworks",
				);
				PRODUCT_BUNDLE_IDENTIFIER = cwq.WQImageLoad;
				PRODUCT_NAME = "$(TARGET_NAME)";
				TARGETED_DEVICE_FAMILY = "1,2";
			};
			name = Debug;
		};
		806CEE0A212CF2C60051ED93 /* Release */ = {
			isa = XCBuildConfiguration;
			baseConfigurationReference = E3ADBA38BE4C1617BD88EA92 /* Pods-WQImageLoad.release.xcconfig */;
			buildSettings = {
				ASSETCATALOG_COMPILER_APPICON_NAME = AppIcon;
				CODE_SIGN_STYLE = Automatic;
				GCC_PREFIX_HEADER = "$(SRCROOT)/WQImageLoad/WQPrefixHeader.pch";
				INFOPLIST_FILE = WQImageLoad/Info.plist;
				LD_RUNPATH_SEARCH_PATHS = (
					"$(inherited)",
					"@executable_path/Frameworks",
				);
				PRODUCT_BUNDLE_IDENTIFIER = cwq.WQImageLoad;
				PRODUCT_NAME = "$(TARGET_NAME)";
				TARGETED_DEVICE_FAMILY = "1,2";
			};
			name = Release;
		};
		806CEE0C212CF2C60051ED93 /* Debug */ = {
			isa = XCBuildConfiguration;
			buildSettings = {
				BUNDLE_LOADER = "$(TEST_HOST)";
				CODE_SIGN_STYLE = Automatic;
				INFOPLIST_FILE = WQImageLoadTests/Info.plist;
				LD_RUNPATH_SEARCH_PATHS = (
					"$(inherited)",
					"@executable_path/Frameworks",
					"@loader_path/Frameworks",
				);
				PRODUCT_BUNDLE_IDENTIFIER = cwq.WQImageLoadTests;
				PRODUCT_NAME = "$(TARGET_NAME)";
				TARGETED_DEVICE_FAMILY = "1,2";
				TEST_HOST = "$(BUILT_PRODUCTS_DIR)/WQImageLoad.app/WQImageLoad";
			};
			name = Debug;
		};
		806CEE0D212CF2C60051ED93 /* Release */ = {
			isa = XCBuildConfiguration;
			buildSettings = {
				BUNDLE_LOADER = "$(TEST_HOST)";
				CODE_SIGN_STYLE = Automatic;
				INFOPLIST_FILE = WQImageLoadTests/Info.plist;
				LD_RUNPATH_SEARCH_PATHS = (
					"$(inherited)",
					"@executable_path/Frameworks",
					"@loader_path/Frameworks",
				);
				PRODUCT_BUNDLE_IDENTIFIER = cwq.WQImageLoadTests;
				PRODUCT_NAME = "$(TARGET_NAME)";
				TARGETED_DEVICE_FAMILY = "1,2";
				TEST_HOST = "$(BUILT_PRODUCTS_DIR)/WQImageLoad.app/WQImageLoad";
			};
			name = Release;
		};
		806CEE0F212CF2C60051ED93 /* Debug */ = {
			isa = XCBuildConfiguration;
			buildSettings = {
				CODE_SIGN_STYLE = Automatic;
				INFOPLIST_FILE = WQImageLoadUITests/Info.plist;
				LD_RUNPATH_SEARCH_PATHS = (
					"$(inherited)",
					"@executable_path/Frameworks",
					"@loader_path/Frameworks",
				);
				PRODUCT_BUNDLE_IDENTIFIER = cwq.WQImageLoadUITests;
				PRODUCT_NAME = "$(TARGET_NAME)";
				TARGETED_DEVICE_FAMILY = "1,2";
				TEST_TARGET_NAME = WQImageLoad;
			};
			name = Debug;
		};
		806CEE10212CF2C60051ED93 /* Release */ = {
			isa = XCBuildConfiguration;
			buildSettings = {
				CODE_SIGN_STYLE = Automatic;
				INFOPLIST_FILE = WQImageLoadUITests/Info.plist;
				LD_RUNPATH_SEARCH_PATHS = (
					"$(inherited)",
					"@executable_path/Frameworks",
					"@loader_path/Frameworks",
				);
				PRODUCT_BUNDLE_IDENTIFIER = cwq.WQImageLoadUITests;
				PRODUCT_NAME = "$(TARGET_NAME)";
				TARGETED_DEVICE_FAMILY = "1,2";
				TEST_TARGET_NAME = WQImageLoad;
			};
			name = Release;
		};
/* End XCBuildConfiguration section */

/* Begin XCConfigurationList section */
		806CEDD7212CF2C30051ED93 /* Build configuration list for PBXProject "WQImageLoad" */ = {
			isa = XCConfigurationList;
			buildConfigurations = (
				806CEE06212CF2C60051ED93 /* Debug */,
				806CEE07212CF2C60051ED93 /* Release */,
			);
			defaultConfigurationIsVisible = 0;
			defaultConfigurationName = Release;
		};
		806CEE08212CF2C60051ED93 /* Build configuration list for PBXNativeTarget "WQImageLoad" */ = {
			isa = XCConfigurationList;
			buildConfigurations = (
				806CEE09212CF2C60051ED93 /* Debug */,
				806CEE0A212CF2C60051ED93 /* Release */,
			);
			defaultConfigurationIsVisible = 0;
			defaultConfigurationName = Release;
		};
		806CEE0B212CF2C60051ED93 /* Build configuration list for PBXNativeTarget "WQImageLoadTests" */ = {
			isa = XCConfigurationList;
			buildConfigurations = (
				806CEE0C212CF2C60051ED93 /* Debug */,
				806CEE0D212CF2C60051ED93 /* Release */,
			);
			defaultConfigurationIsVisible = 0;
			defaultConfigurationName = Release;
		};
		806CEE0E212CF2C60051ED93 /* Build configuration list for PBXNativeTarget "WQImageLoadUITests" */ = {
			isa = XCConfigurationList;
			buildConfigurations = (
				806CEE0F212CF2C60051ED93 /* Debug */,
				806CEE10212CF2C60051ED93 /* Release */,
			);
			defaultConfigurationIsVisible = 0;
			defaultConfigurationName = Release;
		};
/* End XCConfigurationList section */
	};
	rootObject = 806CEDD4212CF2C30051ED93 /* Project object */;
}
